<Solution>
  <Configurations>
    <Platform Name="Any CPU" />
    <Platform Name="x64" />
    <Platform Name="x86" />
  </Configurations>
  <Project Path="OsmoOverlay.Core/OsmoOverlay.Core.csproj" />
  <Project Path="OsmoOverlay.Cli/OsmoOverlay.Cli.csproj" />
  <Project Path="OsmoOverlay.Gui/OsmoOverlay.Gui.csproj" />
</Solution>
